
Microsoft Visual Studio Solution File, Format Version 12.00
# Visual Studio Version 17
VisualStudioVersion = 17.10.35013.160
MinimumVisualStudioVersion = 10.0.40219.1
Project("{FAE04EC0-301F-11D3-BF4B-00C04F79EFBC}") = "Aspnet_React_SPA.Server", "Aspnet_React_SPA.Server\Aspnet_React_SPA.Server.csproj", "{C887E858-A52A-4F8F-BABC-D8F81AB42986}"
EndProject
Project("{54A90642-561A-4BB1-A94E-469ADEE60C69}") = "aspnet_react_spa.client", "aspnet_react_spa.client\aspnet_react_spa.client.esproj", "{B4904CBC-746D-44E6-975C-0C8A7DEC2407}"
EndProject
Global
	GlobalSection(SolutionConfigurationPlatforms) = preSolution
		Debug|Any CPU = Debug|Any CPU
		Release|Any CPU = Release|Any CPU
	EndGlobalSection
	GlobalSection(ProjectConfigurationPlatforms) = postSolution
		{C887E858-A52A-4F8F-BABC-D8F81AB42986}.Debug|Any CPU.ActiveCfg = Debug|Any CPU
		{C887E858-A52A-4F8F-BABC-D8F81AB42986}.Debug|Any CPU.Build.0 = Debug|Any CPU
		{C887E858-A52A-4F8F-BABC-D8F81AB42986}.Release|Any CPU.ActiveCfg = Release|Any CPU
		{C887E858-A52A-4F8F-BABC-D8F81AB42986}.Release|Any CPU.Build.0 = Release|Any CPU
		{B4904CBC-746D-44E6-975C-0C8A7DEC2407}.Debug|Any CPU.ActiveCfg = Debug|Any CPU
		{B4904CBC-746D-44E6-975C-0C8A7DEC2407}.Debug|Any CPU.Build.0 = Debug|Any CPU
		{B4904CBC-746D-44E6-975C-0C8A7DEC2407}.Debug|Any CPU.Deploy.0 = Debug|Any CPU
		{B4904CBC-746D-44E6-975C-0C8A7DEC2407}.Release|Any CPU.ActiveCfg = Release|Any CPU
		{B4904CBC-746D-44E6-975C-0C8A7DEC2407}.Release|Any CPU.Build.0 = Release|Any CPU
		{B4904CBC-746D-44E6-975C-0C8A7DEC2407}.Release|Any CPU.Deploy.0 = Release|Any CPU
	EndGlobalSection
	GlobalSection(SolutionProperties) = preSolution
		HideSolutionNode = FALSE
	EndGlobalSection
	GlobalSection(ExtensibilityGlobals) = postSolution
		SolutionGuid = {FE581167-5709-4578-AE1E-7385112DCECA}
	EndGlobalSection
EndGlobal
